
Microsoft Visual Studio Solution File, Format Version 12.00
# Visual Studio Version 16
VisualStudioVersion = 16.0.31205.134
MinimumVisualStudioVersion = 10.0.40219.1
Project("{FAE04EC0-301F-11D3-BF4B-00C04F79EFBC}") = "WpfApp_Calc", "WpfApp_Calc.csproj", "{2F4C864E-498E-44A5-B522-ACF990892360}"
EndProject
Global
	GlobalSection(SolutionConfigurationPlatforms) = preSolution
		Debug|Any CPU = Debug|Any CPU
		Release|Any CPU = Release|Any CPU
	EndGlobalSection
	GlobalSection(ProjectConfigurationPlatforms) = postSolution
		{2F4C864E-498E-44A5-B522-ACF990892360}.Debug|Any CPU.ActiveCfg = Debug|Any CPU
		{2F4C864E-498E-44A5-B522-ACF990892360}.Debug|Any CPU.Build.0 = Debug|Any CPU
		{2F4C864E-498E-44A5-B522-ACF990892360}.Release|Any CPU.ActiveCfg = Release|Any CPU
		{2F4C864E-498E-44A5-B522-ACF990892360}.Release|Any CPU.Build.0 = Release|Any CPU
	EndGlobalSection
	GlobalSection(SolutionProperties) = preSolution
		HideSolutionNode = FALSE
	EndGlobalSection
	GlobalSection(ExtensibilityGlobals) = postSolution
		SolutionGuid = {FA380221-5652-42EA-BA07-FB7B4F812EA9}
	EndGlobalSection
EndGlobal
